
Microsoft Visual Studio Solution File, Format Version 12.00
# Visual Studio Version 17
VisualStudioVersion = 17.1.32210.238
MinimumVisualStudioVersion = 10.0.40219.1
Project("{9A19103F-16F7-4668-BE54-9A1E7A4F7556}") = "UsedCars.WebScraper", "UsedCars.WebScraper\UsedCars.WebScraper.csproj", "{978ABA56-B205-4078-9183-BC9B2C806353}"
EndProject
Project("{9A19103F-16F7-4668-BE54-9A1E7A4F7556}") = "WebScraper.ConsumerTest", "WebScraper.ConsumerTest\WebScraper.ConsumerTest.csproj", "{E4A8B7EF-1F13-47CA-8195-747790D0A9B1}"
EndProject
Project("{FAE04EC0-301F-11D3-BF4B-00C04F79EFBC}") = "EmailSender", "EmailSender\EmailSender.csproj", "{8F82D0C3-5D49-43FF-A680-4FB877DDB8E7}"
EndProject
Global
	GlobalSection(SolutionConfigurationPlatforms) = preSolution
		Debug|Any CPU = Debug|Any CPU
		Release|Any CPU = Release|Any CPU
	EndGlobalSection
	GlobalSection(ProjectConfigurationPlatforms) = postSolution
		{978ABA56-B205-4078-9183-BC9B2C806353}.Debug|Any CPU.ActiveCfg = Debug|Any CPU
		{978ABA56-B205-4078-9183-BC9B2C806353}.Debug|Any CPU.Build.0 = Debug|Any CPU
		{978ABA56-B205-4078-9183-BC9B2C806353}.Release|Any CPU.ActiveCfg = Release|Any CPU
		{978ABA56-B205-4078-9183-BC9B2C806353}.Release|Any CPU.Build.0 = Release|Any CPU
		{E4A8B7EF-1F13-47CA-8195-747790D0A9B1}.Debug|Any CPU.ActiveCfg = Debug|Any CPU
		{E4A8B7EF-1F13-47CA-8195-747790D0A9B1}.Debug|Any CPU.Build.0 = Debug|Any CPU
		{E4A8B7EF-1F13-47CA-8195-747790D0A9B1}.Release|Any CPU.ActiveCfg = Release|Any CPU
		{E4A8B7EF-1F13-47CA-8195-747790D0A9B1}.Release|Any CPU.Build.0 = Release|Any CPU
		{8F82D0C3-5D49-43FF-A680-4FB877DDB8E7}.Debug|Any CPU.ActiveCfg = Debug|Any CPU
		{8F82D0C3-5D49-43FF-A680-4FB877DDB8E7}.Debug|Any CPU.Build.0 = Debug|Any CPU
		{8F82D0C3-5D49-43FF-A680-4FB877DDB8E7}.Release|Any CPU.ActiveCfg = Release|Any CPU
		{8F82D0C3-5D49-43FF-A680-4FB877DDB8E7}.Release|Any CPU.Build.0 = Release|Any CPU
	EndGlobalSection
	GlobalSection(SolutionProperties) = preSolution
		HideSolutionNode = FALSE
	EndGlobalSection
	GlobalSection(ExtensibilityGlobals) = postSolution
		SolutionGuid = {39640A5D-78A7-4754-BC72-5C4B43A270EC}
	EndGlobalSection
EndGlobal
